// !$*UTF8*$!
{
	archiveVersion = 1;
	classes = {
	};
	objectVersion = 77;
	objects = {

/* Begin PBXBuildFile section */
		0610912633D786E92FBCC3D7 /* HabitsView.swift in Sources */ = {isa = PBXBuildFile; fileRef = 45F1103EDB5A5E7A57226616 /* HabitsView.swift */; };
		138675A406E347BA96ED9CA1 /* MiniMaxService.swift in Sources */ = {isa = PBXBuildFile; fileRef = 2B4C3C307B7C05283622BC65 /* MiniMaxService.swift */; };
		21F605B5271279112CBD8A5C /* SettingsView.swift in Sources */ = {isa = PBXBuildFile; fileRef = 748DB27F4856C6AE5E066FC2 /* SettingsView.swift */; };
		2AED1382D91FE12EE06ED3F6 /* VitaMindWidget.swift in Sources */ = {isa = PBXBuildFile; fileRef = FA93DA5FA4FA86005C71FA7E /* VitaMindWidget.swift */; };
		3115FD780CE06DD1DDCF3BC1 /* HealthKitService.swift in Sources */ = {isa = PBXBuildFile; fileRef = 2290E1A8967BDE950C2F8253 /* HealthKitService.swift */; };
		364CCB3BEAA61A09B851B6C5 /* VitaPocketApp.swift in Sources */ = {isa = PBXBuildFile; fileRef = 0E4BFED3FD46A4F868254C4D /* VitaPocketApp.swift */; };
		3B7E0725C53D0B238CEF4B23 /* PersistenceService.swift in Sources */ = {isa = PBXBuildFile; fileRef = 14D29713C642EAB078D0D911 /* PersistenceService.swift */; };
		4D08ED0F127B3059F7675093 /* GameState.swift in Sources */ = {isa = PBXBuildFile; fileRef = 7FEFC48F5AC9954768B3747D /* GameState.swift */; };
		519394011C156B5CC73A9DE7 /* CoachView.swift in Sources */ = {isa = PBXBuildFile; fileRef = 69B6FA54602E0A1FD7C5289E /* CoachView.swift */; };
		5B776B0E321E818EE5A0D427 /* LegalDocumentView.swift in Sources */ = {isa = PBXBuildFile; fileRef = 14744A55BC3727B9188AAC4E /* LegalDocumentView.swift */; };
		6A2AA1FF6905D670B990F6F6 /* VitaPocketUITests.swift in Sources */ = {isa = PBXBuildFile; fileRef = 877291E7F34E69753721E9CF /* VitaPocketUITests.swift */; };
		6B7C1F65F73EAE516D7BCF70 /* VitaTheme.swift in Sources */ = {isa = PBXBuildFile; fileRef = DB080E6CA62B5E5D63AAE729 /* VitaTheme.swift */; };
		775A3B5522AC1A4FE11B1D5A /* GameCardView.swift in Sources */ = {isa = PBXBuildFile; fileRef = 3A6BDA21F46317D428081154 /* GameCardView.swift */; };
		7857EAECDDB6818CE3ADF9E8 /* VitaMindUnitTests.swift in Sources */ = {isa = PBXBuildFile; fileRef = 5F8157E00D1F6E225457E59F /* VitaMindUnitTests.swift */; };
		7F9C26690085D539E4D3C504 /* CardModels.swift in Sources */ = {isa = PBXBuildFile; fileRef = 2EE9DC6FBFA47D21A75A0709 /* CardModels.swift */; };
		892F7C9201647B567B2040AD /* ContentView.swift in Sources */ = {isa = PBXBuildFile; fileRef = C81126468E4A26AA1FE5BFF5 /* ContentView.swift */; };
		A44321AF09ABE35829A06C48 /* LaunchScreen.storyboard in Resources */ = {isa = PBXBuildFile; fileRef = 156DBD8B5B49DDD1CBFE8B87 /* LaunchScreen.storyboard */; };
		BE363C30F90F170597BB9590 /* CollectionView.swift in Sources */ = {isa = PBXBuildFile; fileRef = 0F805C3A305BDFF174640A59 /* CollectionView.swift */; };
		C153FAAC279E0E604596DD43 /* Assets.xcassets in Resources */ = {isa = PBXBuildFile; fileRef = F17D2D78B3CAA28102B7415D /* Assets.xcassets */; };
		C4B50E65FD71A808F350208D /* AppIconLoader.swift in Sources */ = {isa = PBXBuildFile; fileRef = B751DAF8DC6A6D17F96E5EFD /* AppIconLoader.swift */; };
		C4C8A0E8E6C4F87E211D1391 /* TermsOfService.html in Resources */ = {isa = PBXBuildFile; fileRef = 5C4CB504B8D0F0E68FB6BFD7 /* TermsOfService.html */; };
		C86B304D18267A2D79887BEE /* PrivacyPolicy.html in Resources */ = {isa = PBXBuildFile; fileRef = E882E7CB9CFA913777CF455E /* PrivacyPolicy.html */; };
		CCABF80785B5B7FDD06DEC14 /* AIProvider.swift in Sources */ = {isa = PBXBuildFile; fileRef = 955C9F36B735FBAB8532E178 /* AIProvider.swift */; };
		D65061C74DBB8BB1880C1E3D /* Assets.xcassets in Resources */ = {isa = PBXBuildFile; fileRef = 0A331D2060114415CA40ACC2 /* Assets.xcassets */; };
		E29098960EB0E455415CF226 /* VitaPocketWidget.appex in Embed Foundation Extensions */ = {isa = PBXBuildFile; fileRef = 610E7A9A7E2B0CA385D8C1B5 /* VitaPocketWidget.appex */; settings = {ATTRIBUTES = (CodeSignOnCopy, RemoveHeadersOnCopy, ); }; };
		E7AAE3977F26D92C4C792062 /* HomeView.swift in Sources */ = {isa = PBXBuildFile; fileRef = 1738A25727F41FC8F32C65DE /* HomeView.swift */; };
/* End PBXBuildFile section */

/* Begin PBXContainerItemProxy section */
		946D555151280AB194DF2F40 /* PBXContainerItemProxy */ = {
			isa = PBXContainerItemProxy;
			containerPortal = 8F4BFB4998DFED4DED585970 /* Project object */;
			proxyType = 1;
			remoteGlobalIDString = BCF2E4A17D632194778CEFBD;
			remoteInfo = VitaPocket;
		};
		CA410184FC846EE949CBFA07 /* PBXContainerItemProxy */ = {
			isa = PBXContainerItemProxy;
			containerPortal = 8F4BFB4998DFED4DED585970 /* Project object */;
			proxyType = 1;
			remoteGlobalIDString = 1D4DB3A8C7DD65E5D9F3C4B4;
			remoteInfo = VitaPocketWidget;
		};
		DCDD304B080D9AA0C58A54D2 /* PBXContainerItemProxy */ = {
			isa = PBXContainerItemProxy;
			containerPortal = 8F4BFB4998DFED4DED585970 /* Project object */;
			proxyType = 1;
			remoteGlobalIDString = BCF2E4A17D632194778CEFBD;
			remoteInfo = VitaPocket;
		};
/* End PBXContainerItemProxy section */

/* Begin PBXCopyFilesBuildPhase section */
		A39557E6D90FC7305CEE4166 /* Embed Foundation Extensions */ = {
			isa = PBXCopyFilesBuildPhase;
			buildActionMask = 2147483647;
			dstPath = "";
			dstSubfolderSpec = 13;
			files = (
				E29098960EB0E455415CF226 /* VitaPocketWidget.appex in Embed Foundation Extensions */,
			);
			name = "Embed Foundation Extensions";
			runOnlyForDeploymentPostprocessing = 0;
		};
/* End PBXCopyFilesBuildPhase section */

/* Begin PBXFileReference section */
		0A331D2060114415CA40ACC2 /* Assets.xcassets */ = {isa = PBXFileReference; lastKnownFileType = folder.assetcatalog; path = Assets.xcassets; sourceTree = "<group>"; };
		0E4BFED3FD46A4F868254C4D /* VitaPocketApp.swift */ = {isa = PBXFileReference; lastKnownFileType = sourcecode.swift; path = VitaPocketApp.swift; sourceTree = "<group>"; };
		0F805C3A305BDFF174640A59 /* CollectionView.swift */ = {isa = PBXFileReference; lastKnownFileType = sourcecode.swift; path = CollectionView.swift; sourceTree = "<group>"; };
		14744A55BC3727B9188AAC4E /* LegalDocumentView.swift */ = {isa = PBXFileReference; lastKnownFileType = sourcecode.swift; path = LegalDocumentView.swift; sourceTree = "<group>"; };
		14D29713C642EAB078D0D911 /* PersistenceService.swift */ = {isa = PBXFileReference; lastKnownFileType = sourcecode.swift; path = PersistenceService.swift; sourceTree = "<group>"; };
		156DBD8B5B49DDD1CBFE8B87 /* LaunchScreen.storyboard */ = {isa = PBXFileReference; lastKnownFileType = file.storyboard; path = LaunchScreen.storyboard; sourceTree = "<group>"; };
		1738A25727F41FC8F32C65DE /* HomeView.swift */ = {isa = PBXFileReference; lastKnownFileType = sourcecode.swift; path = HomeView.swift; sourceTree = "<group>"; };
		2290E1A8967BDE950C2F8253 /* HealthKitService.swift */ = {isa = PBXFileReference; lastKnownFileType = sourcecode.swift; path = HealthKitService.swift; sourceTree = "<group>"; };
		2B4C3C307B7C05283622BC65 /* MiniMaxService.swift */ = {isa = PBXFileReference; lastKnownFileType = sourcecode.swift; path = MiniMaxService.swift; sourceTree = "<group>"; };
		2EE9DC6FBFA47D21A75A0709 /* CardModels.swift */ = {isa = PBXFileReference; lastKnownFileType = sourcecode.swift; path = CardModels.swift; sourceTree = "<group>"; };
		3A6BDA21F46317D428081154 /* GameCardView.swift */ = {isa = PBXFileReference; lastKnownFileType = sourcecode.swift; path = GameCardView.swift; sourceTree = "<group>"; };
		44E5BF2162C8A56457CAACED /* VitaPocketTests.xctest */ = {isa = PBXFileReference; includeInIndex = 0; lastKnownFileType = wrapper.cfbundle; path = VitaPocketTests.xctest; sourceTree = BUILT_PRODUCTS_DIR; };
		450898B0FB518198571037A7 /* VitaPocket.app */ = {isa = PBXFileReference; includeInIndex = 0; lastKnownFileType = wrapper.application; path = VitaPocket.app; sourceTree = BUILT_PRODUCTS_DIR; };
		45F1103EDB5A5E7A57226616 /* HabitsView.swift */ = {isa = PBXFileReference; lastKnownFileType = sourcecode.swift; path = HabitsView.swift; sourceTree = "<group>"; };
		5C4CB504B8D0F0E68FB6BFD7 /* TermsOfService.html */ = {isa = PBXFileReference; lastKnownFileType = text.html; path = TermsOfService.html; sourceTree = "<group>"; };
		5F8157E00D1F6E225457E59F /* VitaMindUnitTests.swift */ = {isa = PBXFileReference; lastKnownFileType = sourcecode.swift; path = VitaMindUnitTests.swift; sourceTree = "<group>"; };
		610E7A9A7E2B0CA385D8C1B5 /* VitaPocketWidget.appex */ = {isa = PBXFileReference; includeInIndex = 0; lastKnownFileType = "wrapper.app-extension"; path = VitaPocketWidget.appex; sourceTree = BUILT_PRODUCTS_DIR; };
		69B6FA54602E0A1FD7C5289E /* CoachView.swift */ = {isa = PBXFileReference; lastKnownFileType = sourcecode.swift; path = CoachView.swift; sourceTree = "<group>"; };
		71027E89CD5C7F6F148F85F7 /* VitaMindWidget.entitlements */ = {isa = PBXFileReference; lastKnownFileType = text.plist.entitlements; path = VitaMindWidget.entitlements; sourceTree = "<group>"; };
		748DB27F4856C6AE5E066FC2 /* SettingsView.swift */ = {isa = PBXFileReference; lastKnownFileType = sourcecode.swift; path = SettingsView.swift; sourceTree = "<group>"; };
		7FEFC48F5AC9954768B3747D /* GameState.swift */ = {isa = PBXFileReference; lastKnownFileType = sourcecode.swift; path = GameState.swift; sourceTree = "<group>"; };
		803193DF6D494576F0FCD5D2 /* Info.plist */ = {isa = PBXFileReference; lastKnownFileType = text.plist; path = Info.plist; sourceTree = "<group>"; };
		877291E7F34E69753721E9CF /* VitaPocketUITests.swift */ = {isa = PBXFileReference; lastKnownFileType = sourcecode.swift; path = VitaPocketUITests.swift; sourceTree = "<group>"; };
		955C9F36B735FBAB8532E178 /* AIProvider.swift */ = {isa = PBXFileReference; lastKnownFileType = sourcecode.swift; path = AIProvider.swift; sourceTree = "<group>"; };
		B1000013A36058E82FA470B5 /* VitaPocketUITests.xctest */ = {isa = PBXFileReference; includeInIndex = 0; lastKnownFileType = wrapper.cfbundle; path = VitaPocketUITests.xctest; sourceTree = BUILT_PRODUCTS_DIR; };
		B751DAF8DC6A6D17F96E5EFD /* AppIconLoader.swift */ = {isa = PBXFileReference; lastKnownFileType = sourcecode.swift; path = AppIconLoader.swift; sourceTree = "<group>"; };
		C11E1796DC3953E4269EF006 /* Info.plist */ = {isa = PBXFileReference; lastKnownFileType = text.plist; path = Info.plist; sourceTree = "<group>"; };
		C81126468E4A26AA1FE5BFF5 /* ContentView.swift */ = {isa = PBXFileReference; lastKnownFileType = sourcecode.swift; path = ContentView.swift; sourceTree = "<group>"; };
		D3551BB2E892A34D610ABE4D /* VitaPocket.entitlements */ = {isa = PBXFileReference; lastKnownFileType = text.plist.entitlements; path = VitaPocket.entitlements; sourceTree = "<group>"; };
		DB080E6CA62B5E5D63AAE729 /* VitaTheme.swift */ = {isa = PBXFileReference; lastKnownFileType = sourcecode.swift; path = VitaTheme.swift; sourceTree = "<group>"; };
		E18FE85E26D9A7D8B7135AA8 /* VitaPocketWidget.entitlements */ = {isa = PBXFileReference; lastKnownFileType = text.plist.entitlements; path = VitaPocketWidget.entitlements; sourceTree = "<group>"; };
		E882E7CB9CFA913777CF455E /* PrivacyPolicy.html */ = {isa = PBXFileReference; lastKnownFileType = text.html; path = PrivacyPolicy.html; sourceTree = "<group>"; };
		F17D2D78B3CAA28102B7415D /* Assets.xcassets */ = {isa = PBXFileReference; lastKnownFileType = folder.assetcatalog; path = Assets.xcassets; sourceTree = "<group>"; };
		FA93DA5FA4FA86005C71FA7E /* VitaMindWidget.swift */ = {isa = PBXFileReference; lastKnownFileType = sourcecode.swift; path = VitaMindWidget.swift; sourceTree = "<group>"; };
/* End PBXFileReference section */

/* Begin PBXGroup section */
		034285545379E2B38DDA735C /* Theme */ = {
			isa = PBXGroup;
			children = (
				DB080E6CA62B5E5D63AAE729 /* VitaTheme.swift */,
			);
			path = Theme;
			sourceTree = "<group>";
		};
		040B7186446231375A4C34FD /* Settings */ = {
			isa = PBXGroup;
			children = (
				14744A55BC3727B9188AAC4E /* LegalDocumentView.swift */,
				748DB27F4856C6AE5E066FC2 /* SettingsView.swift */,
			);
			path = Settings;
			sourceTree = "<group>";
		};
		08CCC9CF63CD91A619839B81 /* Docs */ = {
			isa = PBXGroup;
			children = (
				E882E7CB9CFA913777CF455E /* PrivacyPolicy.html */,
				5C4CB504B8D0F0E68FB6BFD7 /* TermsOfService.html */,
			);
			path = Docs;
			sourceTree = "<group>";
		};
		2B642A484B2429E95F9C7CAA /* Home */ = {
			isa = PBXGroup;
			children = (
				1738A25727F41FC8F32C65DE /* HomeView.swift */,
			);
			path = Home;
			sourceTree = "<group>";
		};
		2F9EC66AD2D21EEE4151BA80 /* UITests */ = {
			isa = PBXGroup;
			children = (
				877291E7F34E69753721E9CF /* VitaPocketUITests.swift */,
			);
			path = UITests;
			sourceTree = "<group>";
		};
		351D0C0A032C61899AF0EB8C /* Habits */ = {
			isa = PBXGroup;
			children = (
				45F1103EDB5A5E7A57226616 /* HabitsView.swift */,
			);
			path = Habits;
			sourceTree = "<group>";
		};
		44830A503BFC2B9CF4CF84D4 /* Services */ = {
			isa = PBXGroup;
			children = (
				2290E1A8967BDE950C2F8253 /* HealthKitService.swift */,
				2B4C3C307B7C05283622BC65 /* MiniMaxService.swift */,
				14D29713C642EAB078D0D911 /* PersistenceService.swift */,
			);
			path = Services;
			sourceTree = "<group>";
		};
		46E21297C172FE7A47056A9C /* Resources */ = {
			isa = PBXGroup;
			children = (
				08CCC9CF63CD91A619839B81 /* Docs */,
				0A331D2060114415CA40ACC2 /* Assets.xcassets */,
			);
			path = Resources;
			sourceTree = "<group>";
		};
		499FDC842A0B504FE3EB8C3D /* CardEngine */ = {
			isa = PBXGroup;
			children = (
				3A6BDA21F46317D428081154 /* GameCardView.swift */,
			);
			path = CardEngine;
			sourceTree = "<group>";
		};
		6B32653A8D447FE0D264A272 /* Extensions */ = {
			isa = PBXGroup;
			children = (
			);
			path = Extensions;
			sourceTree = "<group>";
		};
		79F1004EB93941D86CA0A84A /* Features */ = {
			isa = PBXGroup;
			children = (
				CFDEC69D2374A3679AC3A7F2 /* Coach */,
				F0BFF4C711DD11A3D253DBA2 /* Collection */,
				351D0C0A032C61899AF0EB8C /* Habits */,
				2B642A484B2429E95F9C7CAA /* Home */,
				040B7186446231375A4C34FD /* Settings */,
			);
			path = Features;
			sourceTree = "<group>";
		};
		A87895B52F4F7DB6DC6580FB /* Sources */ = {
			isa = PBXGroup;
			children = (
				EC602A7B6759E3F70F7CABFD /* App */,
				E322C7EBED9F289495FCDC3E /* Core */,
				79F1004EB93941D86CA0A84A /* Features */,
				AEB1BDB28B5732D4D48E9040 /* Models */,
				46E21297C172FE7A47056A9C /* Resources */,
				44830A503BFC2B9CF4CF84D4 /* Services */,
				C11E1796DC3953E4269EF006 /* Info.plist */,
				156DBD8B5B49DDD1CBFE8B87 /* LaunchScreen.storyboard */,
				D3551BB2E892A34D610ABE4D /* VitaPocket.entitlements */,
			);
			path = Sources;
			sourceTree = "<group>";
		};
		A883BAC48251BA47119185D8 /* Tests */ = {
			isa = PBXGroup;
			children = (
				5F8157E00D1F6E225457E59F /* VitaMindUnitTests.swift */,
			);
			path = Tests;
			sourceTree = "<group>";
		};
		A8BE3483ED7E017079EE1E23 /* Widget */ = {
			isa = PBXGroup;
			children = (
				F17D2D78B3CAA28102B7415D /* Assets.xcassets */,
				803193DF6D494576F0FCD5D2 /* Info.plist */,
				71027E89CD5C7F6F148F85F7 /* VitaMindWidget.entitlements */,
				FA93DA5FA4FA86005C71FA7E /* VitaMindWidget.swift */,
				E18FE85E26D9A7D8B7135AA8 /* VitaPocketWidget.entitlements */,
			);
			path = Widget;
			sourceTree = "<group>";
		};
		AEB1BDB28B5732D4D48E9040 /* Models */ = {
			isa = PBXGroup;
			children = (
				955C9F36B735FBAB8532E178 /* AIProvider.swift */,
				B751DAF8DC6A6D17F96E5EFD /* AppIconLoader.swift */,
				2EE9DC6FBFA47D21A75A0709 /* CardModels.swift */,
			);
			path = Models;
			sourceTree = "<group>";
		};
		B04F7360945CDF2E876FC929 /* Products */ = {
			isa = PBXGroup;
			children = (
				450898B0FB518198571037A7 /* VitaPocket.app */,
				44E5BF2162C8A56457CAACED /* VitaPocketTests.xctest */,
				B1000013A36058E82FA470B5 /* VitaPocketUITests.xctest */,
				610E7A9A7E2B0CA385D8C1B5 /* VitaPocketWidget.appex */,
			);
			name = Products;
			sourceTree = "<group>";
		};
		CFDEC69D2374A3679AC3A7F2 /* Coach */ = {
			isa = PBXGroup;
			children = (
				69B6FA54602E0A1FD7C5289E /* CoachView.swift */,
			);
			path = Coach;
			sourceTree = "<group>";
		};
		E322C7EBED9F289495FCDC3E /* Core */ = {
			isa = PBXGroup;
			children = (
				499FDC842A0B504FE3EB8C3D /* CardEngine */,
				6B32653A8D447FE0D264A272 /* Extensions */,
				034285545379E2B38DDA735C /* Theme */,
			);
			path = Core;
			sourceTree = "<group>";
		};
		E644151AD70B115E300C7B55 = {
			isa = PBXGroup;
			children = (
				A87895B52F4F7DB6DC6580FB /* Sources */,
				A883BAC48251BA47119185D8 /* Tests */,
				2F9EC66AD2D21EEE4151BA80 /* UITests */,
				A8BE3483ED7E017079EE1E23 /* Widget */,
				B04F7360945CDF2E876FC929 /* Products */,
			);
			sourceTree = "<group>";
		};
		EC602A7B6759E3F70F7CABFD /* App */ = {
			isa = PBXGroup;
			children = (
				C81126468E4A26AA1FE5BFF5 /* ContentView.swift */,
				7FEFC48F5AC9954768B3747D /* GameState.swift */,
				0E4BFED3FD46A4F868254C4D /* VitaPocketApp.swift */,
			);
			path = App;
			sourceTree = "<group>";
		};
		F0BFF4C711DD11A3D253DBA2 /* Collection */ = {
			isa = PBXGroup;
			children = (
				0F805C3A305BDFF174640A59 /* CollectionView.swift */,
			);
			path = Collection;
			sourceTree = "<group>";
		};
/* End PBXGroup section */

/* Begin PBXNativeTarget section */
		1D4DB3A8C7DD65E5D9F3C4B4 /* VitaPocketWidget */ = {
			isa = PBXNativeTarget;
			buildConfigurationList = D038A8FE96CCB0E80CA99578 /* Build configuration list for PBXNativeTarget "VitaPocketWidget" */;
			buildPhases = (
				86F086EF821EB547CB51AF42 /* Sources */,
				1C47EDB2E0D635A5DC9AEADE /* Resources */,
			);
			buildRules = (
			);
			dependencies = (
			);
			name = VitaPocketWidget;
			packageProductDependencies = (
			);
			productName = VitaPocketWidget;
			productReference = 610E7A9A7E2B0CA385D8C1B5 /* VitaPocketWidget.appex */;
			productType = "com.apple.product-type.app-extension";
		};
		A54C86AC5D68521F9D4ECD9C /* VitaPocketTests */ = {
			isa = PBXNativeTarget;
			buildConfigurationList = F77A0942F9D7609528DF5C6C /* Build configuration list for PBXNativeTarget "VitaPocketTests" */;
			buildPhases = (
				DD1F9524CBE5854D61674E91 /* Sources */,
			);
			buildRules = (
			);
			dependencies = (
				76D847CCC4D98271E918485A /* PBXTargetDependency */,
			);
			name = VitaPocketTests;
			packageProductDependencies = (
			);
			productName = VitaPocketTests;
			productReference = 44E5BF2162C8A56457CAACED /* VitaPocketTests.xctest */;
			productType = "com.apple.product-type.bundle.unit-test";
		};
		BCF2E4A17D632194778CEFBD /* VitaPocket */ = {
			isa = PBXNativeTarget;
			buildConfigurationList = 357F93C2998014378EE82302 /* Build configuration list for PBXNativeTarget "VitaPocket" */;
			buildPhases = (
				76CE7C73DB954D5835F50F6C /* Sources */,
				8B55FFBF5378288C11DAD33C /* Resources */,
				A39557E6D90FC7305CEE4166 /* Embed Foundation Extensions */,
			);
			buildRules = (
			);
			dependencies = (
				D6714DEAF61B344D82E6219E /* PBXTargetDependency */,
			);
			name = VitaPocket;
			packageProductDependencies = (
			);
			productName = VitaPocket;
			productReference = 450898B0FB518198571037A7 /* VitaPocket.app */;
			productType = "com.apple.product-type.application";
		};
		D216AD5DA42F22B40B171594 /* VitaPocketUITests */ = {
			isa = PBXNativeTarget;
			buildConfigurationList = DD6C928E6C0E3BD381303B95 /* Build configuration list for PBXNativeTarget "VitaPocketUITests" */;
			buildPhases = (
				08CBE6F144934E095C958C50 /* Sources */,
			);
			buildRules = (
			);
			dependencies = (
				95FCB447A822946FDC86A391 /* PBXTargetDependency */,
			);
			name = VitaPocketUITests;
			packageProductDependencies = (
			);
			productName = VitaPocketUITests;
			productReference = B1000013A36058E82FA470B5 /* VitaPocketUITests.xctest */;
			productType = "com.apple.product-type.bundle.ui-testing";
		};
/* End PBXNativeTarget section */

/* Begin PBXProject section */
		8F4BFB4998DFED4DED585970 /* Project object */ = {
			isa = PBXProject;
			attributes = {
				BuildIndependentTargetsInParallel = YES;
				LastUpgradeCheck = 1600;
				TargetAttributes = {
					1D4DB3A8C7DD65E5D9F3C4B4 = {
						DevelopmentTeam = 9L6N2ZF26B;
						ProvisioningStyle = Automatic;
					};
					A54C86AC5D68521F9D4ECD9C = {
						DevelopmentTeam = 9L6N2ZF26B;
						ProvisioningStyle = Automatic;
					};
					BCF2E4A17D632194778CEFBD = {
						DevelopmentTeam = 9L6N2ZF26B;
						ProvisioningStyle = Automatic;
					};
					D216AD5DA42F22B40B171594 = {
						DevelopmentTeam = 9L6N2ZF26B;
						ProvisioningStyle = Automatic;
						TestTargetID = BCF2E4A17D632194778CEFBD;
					};
				};
			};
			buildConfigurationList = 61F5571EEFB7E36E8CB702EA /* Build configuration list for PBXProject "VitaPocket" */;
			developmentRegion = en;
			hasScannedForEncodings = 0;
			knownRegions = (
				Base,
				en,
			);
			mainGroup = E644151AD70B115E300C7B55;
			minimizedProjectReferenceProxies = 1;
			preferredProjectObjectVersion = 77;
			productRefGroup = B04F7360945CDF2E876FC929 /* Products */;
			projectDirPath = "";
			projectRoot = "";
			targets = (
				BCF2E4A17D632194778CEFBD /* VitaPocket */,
				A54C86AC5D68521F9D4ECD9C /* VitaPocketTests */,
				D216AD5DA42F22B40B171594 /* VitaPocketUITests */,
				1D4DB3A8C7DD65E5D9F3C4B4 /* VitaPocketWidget */,
			);
		};
/* End PBXProject section */

/* Begin PBXResourcesBuildPhase section */
		1C47EDB2E0D635A5DC9AEADE /* Resources */ = {
			isa = PBXResourcesBuildPhase;
			buildActionMask = 2147483647;
			files = (
				C153FAAC279E0E604596DD43 /* Assets.xcassets in Resources */,
			);
			runOnlyForDeploymentPostprocessing = 0;
		};
		8B55FFBF5378288C11DAD33C /* Resources */ = {
			isa = PBXResourcesBuildPhase;
			buildActionMask = 2147483647;
			files = (
				D65061C74DBB8BB1880C1E3D /* Assets.xcassets in Resources */,
				A44321AF09ABE35829A06C48 /* LaunchScreen.storyboard in Resources */,
				C86B304D18267A2D79887BEE /* PrivacyPolicy.html in Resources */,
				C4C8A0E8E6C4F87E211D1391 /* TermsOfService.html in Resources */,
			);
			runOnlyForDeploymentPostprocessing = 0;
		};
/* End PBXResourcesBuildPhase section */

/* Begin PBXSourcesBuildPhase section */
		08CBE6F144934E095C958C50 /* Sources */ = {
			isa = PBXSourcesBuildPhase;
			buildActionMask = 2147483647;
			files = (
				6A2AA1FF6905D670B990F6F6 /* VitaPocketUITests.swift in Sources */,
			);
			runOnlyForDeploymentPostprocessing = 0;
		};
		76CE7C73DB954D5835F50F6C /* Sources */ = {
			isa = PBXSourcesBuildPhase;
			buildActionMask = 2147483647;
			files = (
				CCABF80785B5B7FDD06DEC14 /* AIProvider.swift in Sources */,
				C4B50E65FD71A808F350208D /* AppIconLoader.swift in Sources */,
				7F9C26690085D539E4D3C504 /* CardModels.swift in Sources */,
				519394011C156B5CC73A9DE7 /* CoachView.swift in Sources */,
				BE363C30F90F170597BB9590 /* CollectionView.swift in Sources */,
				892F7C9201647B567B2040AD /* ContentView.swift in Sources */,
				775A3B5522AC1A4FE11B1D5A /* GameCardView.swift in Sources */,
				4D08ED0F127B3059F7675093 /* GameState.swift in Sources */,
				0610912633D786E92FBCC3D7 /* HabitsView.swift in Sources */,
				3115FD780CE06DD1DDCF3BC1 /* HealthKitService.swift in Sources */,
				E7AAE3977F26D92C4C792062 /* HomeView.swift in Sources */,
				5B776B0E321E818EE5A0D427 /* LegalDocumentView.swift in Sources */,
				138675A406E347BA96ED9CA1 /* MiniMaxService.swift in Sources */,
				3B7E0725C53D0B238CEF4B23 /* PersistenceService.swift in Sources */,
				21F605B5271279112CBD8A5C /* SettingsView.swift in Sources */,
				364CCB3BEAA61A09B851B6C5 /* VitaPocketApp.swift in Sources */,
				6B7C1F65F73EAE516D7BCF70 /* VitaTheme.swift in Sources */,
			);
			runOnlyForDeploymentPostprocessing = 0;
		};
		86F086EF821EB547CB51AF42 /* Sources */ = {
			isa = PBXSourcesBuildPhase;
			buildActionMask = 2147483647;
			files = (
				2AED1382D91FE12EE06ED3F6 /* VitaMindWidget.swift in Sources */,
			);
			runOnlyForDeploymentPostprocessing = 0;
		};
		DD1F9524CBE5854D61674E91 /* Sources */ = {
			isa = PBXSourcesBuildPhase;
			buildActionMask = 2147483647;
			files = (
				7857EAECDDB6818CE3ADF9E8 /* VitaMindUnitTests.swift in Sources */,
			);
			runOnlyForDeploymentPostprocessing = 0;
		};
/* End PBXSourcesBuildPhase section */

/* Begin PBXTargetDependency section */
		76D847CCC4D98271E918485A /* PBXTargetDependency */ = {
			isa = PBXTargetDependency;
			target = BCF2E4A17D632194778CEFBD /* VitaPocket */;
			targetProxy = DCDD304B080D9AA0C58A54D2 /* PBXContainerItemProxy */;
		};
		95FCB447A822946FDC86A391 /* PBXTargetDependency */ = {
			isa = PBXTargetDependency;
			target = BCF2E4A17D632194778CEFBD /* VitaPocket */;
			targetProxy = 946D555151280AB194DF2F40 /* PBXContainerItemProxy */;
		};
		D6714DEAF61B344D82E6219E /* PBXTargetDependency */ = {
			isa = PBXTargetDependency;
			target = 1D4DB3A8C7DD65E5D9F3C4B4 /* VitaPocketWidget */;
			targetProxy = CA410184FC846EE949CBFA07 /* PBXContainerItemProxy */;
		};
/* End PBXTargetDependency section */

/* Begin XCBuildConfiguration section */
		27FE414730A521017C6A6F8C /* Debug */ = {
			isa = XCBuildConfiguration;
			buildSettings = {
				ALWAYS_EMBED_SWIFT_STANDARD_LIBRARIES = YES;
				ASSETCATALOG_COMPILER_APPICON_NAME = AppIcon;
				CODE_SIGN_ENTITLEMENTS = Sources/VitaPocket.entitlements;
				CODE_SIGN_IDENTITY = "iPhone Developer";
				GENERATE_INFOPLIST_FILE = NO;
				INFOPLIST_FILE = Sources/Info.plist;
				LD_RUNPATH_SEARCH_PATHS = "$(inherited) @executable_path/Frameworks";
				PRODUCT_BUNDLE_IDENTIFIER = com.ggsheng.VitaMind;
				SDKROOT = iphoneos;
				TARGETED_DEVICE_FAMILY = "1,2";
			};
			name = Debug;
		};
		3100A3DF3DC48CE0A3E5D484 /* Debug */ = {
			isa = XCBuildConfiguration;
			buildSettings = {
				BUNDLE_LOADER = "$(TEST_HOST)";
				GENERATE_INFOPLIST_FILE = YES;
				LD_RUNPATH_SEARCH_PATHS = (
					"$(inherited)",
					"@executable_path/Frameworks",
					"@loader_path/Frameworks",
				);
				PRODUCT_BUNDLE_IDENTIFIER = com.ggsheng.VitaMindTests;
				SDKROOT = iphoneos;
				TARGETED_DEVICE_FAMILY = "1,2";
				TEST_HOST = "$(BUILT_PRODUCTS_DIR)/VitaPocket.app/VitaPocket";
			};
			name = Debug;
		};
		6C6D0EB65688AAA01D9474D8 /* Release */ = {
			isa = XCBuildConfiguration;
			buildSettings = {
				ALWAYS_EMBED_SWIFT_STANDARD_LIBRARIES = YES;
				ASSETCATALOG_COMPILER_APPICON_NAME = AppIcon;
				CODE_SIGN_ENTITLEMENTS = Sources/VitaPocket.entitlements;
				CODE_SIGN_IDENTITY = "iPhone Developer";
				GENERATE_INFOPLIST_FILE = NO;
				INFOPLIST_FILE = Sources/Info.plist;
				LD_RUNPATH_SEARCH_PATHS = "$(inherited) @executable_path/Frameworks";
				PRODUCT_BUNDLE_IDENTIFIER = com.ggsheng.VitaMind;
				SDKROOT = iphoneos;
				TARGETED_DEVICE_FAMILY = "1,2";
			};
			name = Release;
		};
		978073442B531C4783A2A82A /* Debug */ = {
			isa = XCBuildConfiguration;
			buildSettings = {
				ALWAYS_SEARCH_USER_PATHS = NO;
				ASSETCATALOG_COMPILER_GLOBAL_ACCENT_COLOR_NAME = AccentColor;
				CLANG_ANALYZER_NONNULL = YES;
				CLANG_ANALYZER_NUMBER_OBJECT_CONVERSION = YES_AGGRESSIVE;
				CLANG_CXX_LANGUAGE_STANDARD = "gnu++14";
				CLANG_CXX_LIBRARY = "libc++";
				CLANG_ENABLE_MODULES = YES;
				CLANG_ENABLE_OBJC_ARC = YES;
				CLANG_ENABLE_OBJC_WEAK = YES;
				CLANG_WARN_BLOCK_CAPTURE_AUTORELEASING = YES;
				CLANG_WARN_BOOL_CONVERSION = YES;
				CLANG_WARN_COMMA = YES;
				CLANG_WARN_CONSTANT_CONVERSION = YES;
				CLANG_WARN_DEPRECATED_OBJC_IMPLEMENTATIONS = YES;
				CLANG_WARN_DIRECT_OBJC_ISA_USAGE = YES_ERROR;
				CLANG_WARN_DOCUMENTATION_COMMENTS = YES;
				CLANG_WARN_EMPTY_BODY = YES;
				CLANG_WARN_ENUM_CONVERSION = YES;
				CLANG_WARN_INFINITE_RECURSION = YES;
				CLANG_WARN_INT_CONVERSION = YES;
				CLANG_WARN_NON_LITERAL_NULL_CONVERSION = YES;
				CLANG_WARN_OBJC_IMPLICIT_RETAIN_SELF = YES;
				CLANG_WARN_OBJC_LITERAL_CONVERSION = YES;
				CLANG_WARN_OBJC_ROOT_CLASS = YES_ERROR;
				CLANG_WARN_QUOTED_INCLUDE_IN_FRAMEWORK_HEADER = YES;
				CLANG_WARN_RANGE_LOOP_ANALYSIS = YES;
				CLANG_WARN_STRICT_PROTOTYPES = YES;
				CLANG_WARN_SUSPICIOUS_MOVE = YES;
				CLANG_WARN_UNGUARDED_AVAILABILITY = YES_AGGRESSIVE;
				CLANG_WARN_UNREACHABLE_CODE = YES;
				CLANG_WARN__DUPLICATE_METHOD_MATCH = YES;
				CODE_SIGN_STYLE = Automatic;
				COPY_PHASE_STRIP = NO;
				CURRENT_PROJECT_VERSION = 1;
				DEBUG_INFORMATION_FORMAT = dwarf;
				DEVELOPMENT_TEAM = 9L6N2ZF26B;
				ENABLE_STRICT_OBJC_MSGSEND = YES;
				ENABLE_TESTABILITY = YES;
				ENABLE_USER_SCRIPT_SANDBOXING = NO;
				GCC_C_LANGUAGE_STANDARD = gnu11;
				GCC_DYNAMIC_NO_PIC = NO;
				GCC_NO_COMMON_BLOCKS = YES;
				GCC_OPTIMIZATION_LEVEL = 0;
				GCC_PREPROCESSOR_DEFINITIONS = (
					"$(inherited)",
					"DEBUG=1",
				);
				GCC_WARN_64_TO_32_BIT_CONVERSION = YES;
				GCC_WARN_ABOUT_RETURN_TYPE = YES_ERROR;
				GCC_WARN_UNDECLARED_SELECTOR = YES;
				GCC_WARN_UNINITIALIZED_AUTOS = YES_AGGRESSIVE;
				GCC_WARN_UNUSED_FUNCTION = YES;
				GCC_WARN_UNUSED_VARIABLE = YES;
				IPHONEOS_DEPLOYMENT_TARGET = 17.0;
				MARKETING_VERSION = 3.0.0;
				MTL_ENABLE_DEBUG_INFO = INCLUDE_SOURCE;
				MTL_FAST_MATH = YES;
				ONLY_ACTIVE_ARCH = YES;
				PRODUCT_NAME = "$(TARGET_NAME)";
				SDKROOT = iphoneos;
				SWIFT_ACTIVE_COMPILATION_CONDITIONS = DEBUG;
				SWIFT_OPTIMIZATION_LEVEL = "-Onone";
				SWIFT_VERSION = 5.10;
				TARGETED_DEVICE_FAMILY = "1,2";
			};
			name = Debug;
		};
		B55AA56B0AA2F289D2551671 /* Debug */ = {
			isa = XCBuildConfiguration;
			buildSettings = {
				BUNDLE_LOADER = "$(TEST_HOST)";
				GENERATE_INFOPLIST_FILE = YES;
				LD_RUNPATH_SEARCH_PATHS = (
					"$(inherited)",
					"@executable_path/Frameworks",
					"@loader_path/Frameworks",
				);
				PRODUCT_BUNDLE_IDENTIFIER = com.ggsheng.VitaMindUITests;
				SDKROOT = iphoneos;
				TARGETED_DEVICE_FAMILY = "1,2";
				TEST_TARGET_NAME = VitaPocket;
			};
			name = Debug;
		};
		B747E318C0DAA3DBDC87BA97 /* Release */ = {
			isa = XCBuildConfiguration;
			buildSettings = {
				BUNDLE_LOADER = "$(TEST_HOST)";
				GENERATE_INFOPLIST_FILE = YES;
				LD_RUNPATH_SEARCH_PATHS = (
					"$(inherited)",
					"@executable_path/Frameworks",
					"@loader_path/Frameworks",
				);
				PRODUCT_BUNDLE_IDENTIFIER = com.ggsheng.VitaMindTests;
				SDKROOT = iphoneos;
				TARGETED_DEVICE_FAMILY = "1,2";
				TEST_HOST = "$(BUILT_PRODUCTS_DIR)/VitaPocket.app/VitaPocket";
			};
			name = Release;
		};
		D8176E86B61526130D6506EB /* Release */ = {
			isa = XCBuildConfiguration;
			buildSettings = {
				BUNDLE_LOADER = "$(TEST_HOST)";
				GENERATE_INFOPLIST_FILE = YES;
				LD_RUNPATH_SEARCH_PATHS = (
					"$(inherited)",
					"@executable_path/Frameworks",
					"@loader_path/Frameworks",
				);
				PRODUCT_BUNDLE_IDENTIFIER = com.ggsheng.VitaMindUITests;
				SDKROOT = iphoneos;
				TARGETED_DEVICE_FAMILY = "1,2";
				TEST_TARGET_NAME = VitaPocket;
			};
			name = Release;
		};
		D9975D4F628685717F4C698A /* Release */ = {
			isa = XCBuildConfiguration;
			buildSettings = {
				ALWAYS_SEARCH_USER_PATHS = NO;
				ASSETCATALOG_COMPILER_GLOBAL_ACCENT_COLOR_NAME = AccentColor;
				CLANG_ANALYZER_NONNULL = YES;
				CLANG_ANALYZER_NUMBER_OBJECT_CONVERSION = YES_AGGRESSIVE;
				CLANG_CXX_LANGUAGE_STANDARD = "gnu++14";
				CLANG_CXX_LIBRARY = "libc++";
				CLANG_ENABLE_MODULES = YES;
				CLANG_ENABLE_OBJC_ARC = YES;
				CLANG_ENABLE_OBJC_WEAK = YES;
				CLANG_WARN_BLOCK_CAPTURE_AUTORELEASING = YES;
				CLANG_WARN_BOOL_CONVERSION = YES;
				CLANG_WARN_COMMA = YES;
				CLANG_WARN_CONSTANT_CONVERSION = YES;
				CLANG_WARN_DEPRECATED_OBJC_IMPLEMENTATIONS = YES;
				CLANG_WARN_DIRECT_OBJC_ISA_USAGE = YES_ERROR;
				CLANG_WARN_DOCUMENTATION_COMMENTS = YES;
				CLANG_WARN_EMPTY_BODY = YES;
				CLANG_WARN_ENUM_CONVERSION = YES;
				CLANG_WARN_INFINITE_RECURSION = YES;
				CLANG_WARN_INT_CONVERSION = YES;
				CLANG_WARN_NON_LITERAL_NULL_CONVERSION = YES;
				CLANG_WARN_OBJC_IMPLICIT_RETAIN_SELF = YES;
				CLANG_WARN_OBJC_LITERAL_CONVERSION = YES;
				CLANG_WARN_OBJC_ROOT_CLASS = YES_ERROR;
				CLANG_WARN_QUOTED_INCLUDE_IN_FRAMEWORK_HEADER = YES;
				CLANG_WARN_RANGE_LOOP_ANALYSIS = YES;
				CLANG_WARN_STRICT_PROTOTYPES = YES;
				CLANG_WARN_SUSPICIOUS_MOVE = YES;
				CLANG_WARN_UNGUARDED_AVAILABILITY = YES_AGGRESSIVE;
				CLANG_WARN_UNREACHABLE_CODE = YES;
				CLANG_WARN__DUPLICATE_METHOD_MATCH = YES;
				CODE_SIGN_STYLE = Automatic;
				COPY_PHASE_STRIP = NO;
				CURRENT_PROJECT_VERSION = 1;
				DEBUG_INFORMATION_FORMAT = "dwarf-with-dsym";
				DEVELOPMENT_TEAM = 9L6N2ZF26B;
				ENABLE_NS_ASSERTIONS = NO;
				ENABLE_STRICT_OBJC_MSGSEND = YES;
				ENABLE_USER_SCRIPT_SANDBOXING = NO;
				GCC_C_LANGUAGE_STANDARD = gnu11;
				GCC_NO_COMMON_BLOCKS = YES;
				GCC_WARN_64_TO_32_BIT_CONVERSION = YES;
				GCC_WARN_ABOUT_RETURN_TYPE = YES_ERROR;
				GCC_WARN_UNDECLARED_SELECTOR = YES;
				GCC_WARN_UNINITIALIZED_AUTOS = YES_AGGRESSIVE;
				GCC_WARN_UNUSED_FUNCTION = YES;
				GCC_WARN_UNUSED_VARIABLE = YES;
				IPHONEOS_DEPLOYMENT_TARGET = 17.0;
				MARKETING_VERSION = 3.0.0;
				MTL_ENABLE_DEBUG_INFO = NO;
				MTL_FAST_MATH = YES;
				PRODUCT_NAME = "$(TARGET_NAME)";
				SDKROOT = iphoneos;
				SWIFT_COMPILATION_MODE = wholemodule;
				SWIFT_OPTIMIZATION_LEVEL = "-O";
				SWIFT_VERSION = 5.10;
				TARGETED_DEVICE_FAMILY = "1,2";
			};
			name = Release;
		};
		DAB30AB03C75FE911E6EEBA4 /* Release */ = {
			isa = XCBuildConfiguration;
			buildSettings = {
				ASSETCATALOG_COMPILER_WIDGET_EXTENSION_IMAGE_PLACEHOLDER = "";
				CODE_SIGN_ENTITLEMENTS = Widget/VitaPocketWidget.entitlements;
				DEVELOPMENT_TEAM = 9L6N2ZF26B;
				GENERATE_INFOPLIST_FILE = NO;
				INFOPLIST_FILE = Widget/Info.plist;
				LD_RUNPATH_SEARCH_PATHS = "$(inherited) @executable_path/Frameworks @executable_path/../../Frameworks";
				PRODUCT_BUNDLE_IDENTIFIER = com.ggsheng.VitaMind.widget;
				SDKROOT = iphoneos;
				SKIP_INSTALL = YES;
				TARGETED_DEVICE_FAMILY = "1,2";
			};
			name = Release;
		};
		FB5646844B067E69A8EDEF89 /* Debug */ = {
			isa = XCBuildConfiguration;
			buildSettings = {
				ASSETCATALOG_COMPILER_WIDGET_EXTENSION_IMAGE_PLACEHOLDER = "";
				CODE_SIGN_ENTITLEMENTS = Widget/VitaPocketWidget.entitlements;
				DEVELOPMENT_TEAM = 9L6N2ZF26B;
				GENERATE_INFOPLIST_FILE = NO;
				INFOPLIST_FILE = Widget/Info.plist;
				LD_RUNPATH_SEARCH_PATHS = "$(inherited) @executable_path/Frameworks @executable_path/../../Frameworks";
				PRODUCT_BUNDLE_IDENTIFIER = com.ggsheng.VitaMind.widget;
				SDKROOT = iphoneos;
				SKIP_INSTALL = YES;
				TARGETED_DEVICE_FAMILY = "1,2";
			};
			name = Debug;
		};
/* End XCBuildConfiguration section */

/* Begin XCConfigurationList section */
		357F93C2998014378EE82302 /* Build configuration list for PBXNativeTarget "VitaPocket" */ = {
			isa = XCConfigurationList;
			buildConfigurations = (
				27FE414730A521017C6A6F8C /* Debug */,
				6C6D0EB65688AAA01D9474D8 /* Release */,
			);
			defaultConfigurationIsVisible = 0;
			defaultConfigurationName = Debug;
		};
		61F5571EEFB7E36E8CB702EA /* Build configuration list for PBXProject "VitaPocket" */ = {
			isa = XCConfigurationList;
			buildConfigurations = (
				978073442B531C4783A2A82A /* Debug */,
				D9975D4F628685717F4C698A /* Release */,
			);
			defaultConfigurationIsVisible = 0;
			defaultConfigurationName = Debug;
		};
		D038A8FE96CCB0E80CA99578 /* Build configuration list for PBXNativeTarget "VitaPocketWidget" */ = {
			isa = XCConfigurationList;
			buildConfigurations = (
				FB5646844B067E69A8EDEF89 /* Debug */,
				DAB30AB03C75FE911E6EEBA4 /* Release */,
			);
			defaultConfigurationIsVisible = 0;
			defaultConfigurationName = Debug;
		};
		DD6C928E6C0E3BD381303B95 /* Build configuration list for PBXNativeTarget "VitaPocketUITests" */ = {
			isa = XCConfigurationList;
			buildConfigurations = (
				B55AA56B0AA2F289D2551671 /* Debug */,
				D8176E86B61526130D6506EB /* Release */,
			);
			defaultConfigurationIsVisible = 0;
			defaultConfigurationName = Debug;
		};
		F77A0942F9D7609528DF5C6C /* Build configuration list for PBXNativeTarget "VitaPocketTests" */ = {
			isa = XCConfigurationList;
			buildConfigurations = (
				3100A3DF3DC48CE0A3E5D484 /* Debug */,
				B747E318C0DAA3DBDC87BA97 /* Release */,
			);
			defaultConfigurationIsVisible = 0;
			defaultConfigurationName = Debug;
		};
/* End XCConfigurationList section */
	};
	rootObject = 8F4BFB4998DFED4DED585970 /* Project object */;
}
